
Microsoft Visual Studio Solution File, Format Version 12.00
# Visual Studio Version 16
VisualStudioVersion = 16.0.31624.102
MinimumVisualStudioVersion = 10.0.40219.1
Project("{FAE04EC0-301F-11D3-BF4B-00C04F79EFBC}") = "2022-02-14", "2022-02-14\2022-02-14.csproj", "{3145899D-3F64-4F5E-AAE3-DC2D8C3C6BD9}"
EndProject
Global
	GlobalSection(SolutionConfigurationPlatforms) = preSolution
		Debug|Any CPU = Debug|Any CPU
		Release|Any CPU = Release|Any CPU
	EndGlobalSection
	GlobalSection(ProjectConfigurationPlatforms) = postSolution
		{3145899D-3F64-4F5E-AAE3-DC2D8C3C6BD9}.Debug|Any CPU.ActiveCfg = Debug|Any CPU
		{3145899D-3F64-4F5E-AAE3-DC2D8C3C6BD9}.Debug|Any CPU.Build.0 = Debug|Any CPU
		{3145899D-3F64-4F5E-AAE3-DC2D8C3C6BD9}.Release|Any CPU.ActiveCfg = Release|Any CPU
		{3145899D-3F64-4F5E-AAE3-DC2D8C3C6BD9}.Release|Any CPU.Build.0 = Release|Any CPU
	EndGlobalSection
	GlobalSection(SolutionProperties) = preSolution
		HideSolutionNode = FALSE
	EndGlobalSection
	GlobalSection(ExtensibilityGlobals) = postSolution
		SolutionGuid = {2CDFFF1A-CF53-4626-8F2C-A464DA9435AB}
	EndGlobalSection
EndGlobal
